# This file was autogenerated by uv via the following command:
#    uv pip compile pyproject.toml requirements-dev.txt --python-version 3.10 -o requirements-dev.lock
annotated-doc==0.0.5
    # via fastapi
annotated-types==0.8.0
    # via pydantic
anyio==4.14.2
    # via
    #   httpx
    #   starlette
    #   watchfiles
certifi==2026.7.22
    # via
    #   httpcore
    #   httpx
    #   requests
charset-normalizer==3.5.1
    # via requests
click==8.5.0
    # via uvicorn
exceptiongroup==1.3.1
    # via
    #   anyio
    #   pytest
fastapi==0.141.1
    # via
    #   -r requirements.txt
    #   twflow (pyproject.toml)
h11==0.16.0
    # via
    #   httpcore
    #   uvicorn
httpcore==1.0.9
    # via httpx
httptools==0.8.0
    # via uvicorn
httpx==0.28.1
    # via -r requirements-dev.txt
idna==3.19
    # via
    #   anyio
    #   httpx
    #   requests
iniconfig==2.3.0
    # via pytest
packaging==26.3
    # via pytest
pluggy==1.6.0
    # via pytest
pydantic==2.13.4
    # via fastapi
pydantic-core==2.46.4
    # via pydantic
pygments==2.21.0
    # via pytest
pytest==9.1.1
    # via -r requirements-dev.txt
python-dotenv==1.2.3
    # via uvicorn
pyyaml==6.0.3
    # via
    #   -r requirements.txt
    #   twflow (pyproject.toml)
    #   uvicorn
requests==2.34.2
    # via
    #   -r requirements.txt
    #   twflow (pyproject.toml)
starlette==1.6.0
    # via fastapi
tomli==2.4.1
    # via pytest
typing-extensions==4.16.0
    # via
    #   anyio
    #   exceptiongroup
    #   fastapi
    #   pydantic
    #   pydantic-core
    #   starlette
    #   typing-inspection
    #   uvicorn
typing-inspection==0.4.4
    # via
    #   fastapi
    #   pydantic
urllib3==2.7.0
    # via requests
uvicorn==0.52.4
    # via
    #   -r requirements.txt
    #   twflow (pyproject.toml)
uvloop==0.22.1
    # via uvicorn
watchfiles==1.2.0
    # via uvicorn
websockets==16.1.1
    # via uvicorn
